{
  "nodes": {
    "nixpkgs": {
      "locked": {
        "lastModified": 1772736753,
        "narHash": "sha256-au/m3+EuBLoSzWUCb64a/MZq6QUtOV8oC0D9tY2scPQ=",
        "owner": "NixOS",
        "repo": "nixpkgs",
        "rev": "917fec990948658ef1ccd07cef2a1ef060786846",
        "type": "github"
      },
      "original": {
        "owner": "NixOS",
        "ref": "nixpkgs-unstable",
        "repo": "nixpkgs",
        "type": "github"
      }
    },
    "nixpkgs_2": {
      "locked": {
        "lastModified": 1772173633,
        "narHash": "sha256-MOH58F4AIbCkh6qlQcwMycyk5SWvsqnS/TCfnqDlpj4=",
        "owner": "NixOS",
        "repo": "nixpkgs",
        "rev": "c0f3d81a7ddbc2b1332be0d8481a672b4f6004d6",
        "type": "github"
      },
      "original": {
        "owner": "NixOS",
        "ref": "nixpkgs-unstable",
        "repo": "nixpkgs",
        "type": "github"
      }
    },
    "root": {
      "inputs": {
        "nixpkgs": "nixpkgs",
        "zmk-nix": "zmk-nix"
      }
    },
    "zmk-nix": {
      "inputs": {
        "nixpkgs": "nixpkgs_2"
      },
      "locked": {
        "lastModified": 1772326559,
        "narHash": "sha256-xh0U5sV0b0ozfIBFE9+P/2rPmTx4+rzyWjI7P7t7Ftk=",
        "owner": "lilyinstarlight",
        "repo": "zmk-nix",
        "rev": "d287336da0c462c15324102e104100098f59088b",
        "type": "github"
      },
      "original": {
        "owner": "lilyinstarlight",
        "repo": "zmk-nix",
        "type": "github"
      }
    }
  },
  "root": "root",
  "version": 7
}
