{
  "nodes": {
    "nixpkgs": {
      "locked": {
        "lastModified": 1715867414,
        "narHash": "sha256-cu4UEffKkBByyGR6CFs9XP6iSNsKTkq1r66DA5BkYnE=",
        "owner": "NixOS",
        "repo": "nixpkgs",
        "rev": "bf446f08bff6814b569265bef8374cfdd3d8f0e0",
        "type": "github"
      },
      "original": {
        "owner": "NixOS",
        "ref": "nixpkgs-unstable",
        "repo": "nixpkgs",
        "type": "github"
      }
    },
    "root": {
      "inputs": {
        "nixpkgs": "nixpkgs",
        "zmk-nix": "zmk-nix"
      }
    },
    "zmk-nix": {
      "inputs": {
        "nixpkgs": [
          "nixpkgs"
        ]
      },
      "locked": {
        "lastModified": 1715984762,
        "narHash": "sha256-w7K248OYLsMZYy59EoMk8Rfux65fsGJknbf7jjT3Pb8=",
        "owner": "lilyinstarlight",
        "repo": "zmk-nix",
        "rev": "50e4f6b4c5e4352aa48bfea0c7f9d3162083781a",
        "type": "github"
      },
      "original": {
        "owner": "lilyinstarlight",
        "repo": "zmk-nix",
        "type": "github"
      }
    }
  },
  "root": "root",
  "version": 7
}
